
Microsoft Visual Studio Solution File, Format Version 12.00
# Visual Studio Version 16
VisualStudioVersion = 16.0.28729.10
MinimumVisualStudioVersion = 10.0.40219.1
Project("{9A19103F-16F7-4668-BE54-9A1E7A4F7556}") = "RegistryPluginBase", "RegistryPluginBase\RegistryPluginBase.csproj", "{CA2F88E7-31E4-46F5-A9AE-881B2CEBBAB2}"
EndProject
Project("{FAE04EC0-301F-11D3-BF4B-00C04F79EFBC}") = "RegistryPlugin.UserAssist", "RegistryPlugin.UserAssist\RegistryPlugin.UserAssist.csproj", "{F15A987F-C172-45C6-8135-6D8A6F673A5D}"
EndProject
Project("{FAE04EC0-301F-11D3-BF4B-00C04F79EFBC}") = "RegistryPlugin.AppCompatCache", "RegistryPlugin.AppCompatCache\RegistryPlugin.AppCompatCache.csproj", "{9FDD05F7-46BC-45D5-BB91-D5C003BCEE1F}"
EndProject
Project("{FAE04EC0-301F-11D3-BF4B-00C04F79EFBC}") = "RegistryPlugin.SAM", "RegistryPlugin.SAM\RegistryPlugin.SAM.csproj", "{F50E158F-965C-49B7-BA91-7ED5DCE4B77D}"
EndProject
Project("{9A19103F-16F7-4668-BE54-9A1E7A4F7556}") = "RegistryPlugins.Test", "RegistryPlugins.Test\RegistryPlugins.Test.csproj", "{78750675-D309-4C0C-80B9-22C6D238C38D}"
EndProject
Project("{FAE04EC0-301F-11D3-BF4B-00C04F79EFBC}") = "RegistryPlugin.RecentDocs", "RegistryPlugin.RecentDocs\RegistryPlugin.RecentDocs.csproj", "{6F7BA570-291F-4290-94AF-3A662E12D5D1}"
EndProject
Project("{FAE04EC0-301F-11D3-BF4B-00C04F79EFBC}") = "RegistryPlugin.TimeZoneInformation", "RegistryPlugin.TimeZoneInformation\RegistryPlugin.TimeZoneInformation.csproj", "{EACB7738-27E1-4C15-B6CF-671FC18640B1}"
EndProject
Project("{FAE04EC0-301F-11D3-BF4B-00C04F79EFBC}") = "RegistryPlugin.Ares", "RegistryPlugin.Ares\RegistryPlugin.Ares.csproj", "{3E08C307-AF34-400E-AB0B-99DF54E1ADBC}"
EndProject
Project("{FAE04EC0-301F-11D3-BF4B-00C04F79EFBC}") = "RegistryPlugin.OpenSavePidlMRU", "RegistryPlugin.OpenSavePidlMRU\RegistryPlugin.OpenSavePidlMRU.csproj", "{A1BE3977-DF7B-412C-81E8-15722A4F7325}"
EndProject
Project("{FAE04EC0-301F-11D3-BF4B-00C04F79EFBC}") = "RegistryPlugin.FileExts", "RegistryPlugin.FileExts\RegistryPlugin.FileExts.csproj", "{7F63722B-3A23-4CB6-9C3D-2A57EB122B73}"
EndProject
Project("{FAE04EC0-301F-11D3-BF4B-00C04F79EFBC}") = "RegistryPlugin.FirstFolder", "RegistryPlugin.FirstFolder\RegistryPlugin.FirstFolder.csproj", "{93476148-2369-4DF2-8794-9E5C7A094B79}"
EndProject
Project("{FAE04EC0-301F-11D3-BF4B-00C04F79EFBC}") = "RegistryPlugin.CIDSizeMRU", "RegistryPlugin.CIDSizeMRU\RegistryPlugin.CIDSizeMRU.csproj", "{BA3A8987-719E-4AF6-A806-871C052C8BAE}"
EndProject
Project("{FAE04EC0-301F-11D3-BF4B-00C04F79EFBC}") = "RegistryPlugin.LastVisitedPidlMRU", "RegistryPlugin.LastVisitedPidlMRU\RegistryPlugin.LastVisitedPidlMRU.csproj", "{2868BA3D-6EB5-4C9A-A94D-110F0EA19129}"
EndProject
Project("{FAE04EC0-301F-11D3-BF4B-00C04F79EFBC}") = "RegistryPlugin.7-ZipHistory", "RegistryPlugin.7-ZipHistory\RegistryPlugin.7-ZipHistory.csproj", "{8D2AF32B-92C5-4940-9B5A-D0B30935DD12}"
EndProject
Project("{FAE04EC0-301F-11D3-BF4B-00C04F79EFBC}") = "RegistryPlugin.LastVisitedMRU", "RegistryPlugin.LastVisitedMRU\RegistryPlugin.LastVisitedMRU.csproj", "{C613D9BE-F24E-48CB-BFBA-03906B326AE4}"
EndProject
Project("{FAE04EC0-301F-11D3-BF4B-00C04F79EFBC}") = "RegistryPlugin.RunMRU", "RegistryPlugin.RunMRU\RegistryPlugin.RunMRU.csproj", "{FA88D426-FA86-43B4-A58E-0772175AFAF0}"
EndProject
Project("{FAE04EC0-301F-11D3-BF4B-00C04F79EFBC}") = "RegistryPlugin.OpenSaveMRU", "RegistryPlugin.OpenSaveMRU\RegistryPlugin.OpenSaveMRU.csproj", "{5116292F-2EAC-405F-B0CF-77D11DF3CDF8}"
EndProject
Project("{FAE04EC0-301F-11D3-BF4B-00C04F79EFBC}") = "RegistryPlugin.MountedDevices", "RegistryExplorer.MountedDevices\RegistryPlugin.MountedDevices.csproj", "{9B8F5EAD-56B1-495B-A779-B0AB85979C37}"
EndProject
Project("{FAE04EC0-301F-11D3-BF4B-00C04F79EFBC}") = "RegistryPlugin.KnownNetworks", "RegistryPlugin.KnownNetworks\RegistryPlugin.KnownNetworks.csproj", "{199C70C7-7004-426F-ADD2-375928B3ED74}"
EndProject
Project("{FAE04EC0-301F-11D3-BF4B-00C04F79EFBC}") = "RegistryPlugin.WordWheelQuery", "RegistryPlugin.WordWheelQuery\RegistryPlugin.WordWheelQuery.csproj", "{341698C8-4FCC-41CB-8936-0971C43B0BA0}"
EndProject
Project("{FAE04EC0-301F-11D3-BF4B-00C04F79EFBC}") = "RegistryPlugin.TypedURLs", "RegistryPlugin.TypedURLs\RegistryPlugin.TypedURLs.csproj", "{8BD60648-779C-417F-8E6F-F63F67946792}"
EndProject
Project("{2150E333-8FDC-42A3-9474-1A3956D46DE8}") = "Solution Items", "Solution Items", "{04F6A245-1E48-49FC-965C-6CE7F4523072}"
	ProjectSection(SolutionItems) = preProject
		TODO = TODO
	EndProjectSection
EndProject
Project("{FAE04EC0-301F-11D3-BF4B-00C04F79EFBC}") = "RegistryPlugin.Services", "RegistryPlugin.Services\RegistryPlugin.Services.csproj", "{8944873C-6DC4-453E-A2D0-9DF2260D4A53}"
EndProject
Project("{FAE04EC0-301F-11D3-BF4B-00C04F79EFBC}") = "RegistryPlugin.OfficeMRU", "RegistryPlugin.OfficeMRU\RegistryPlugin.OfficeMRU.csproj", "{5D95BF82-C1BA-4A41-862F-AC693FE3B334}"
EndProject
Project("{FAE04EC0-301F-11D3-BF4B-00C04F79EFBC}") = "RegistryPlugin.TerminalServerClient", "RegistryPlugin.TerminalServerClient\RegistryPlugin.TerminalServerClient.csproj", "{6563C75F-C571-4E76-A072-77C021055BCF}"
EndProject
Project("{FAE04EC0-301F-11D3-BF4B-00C04F79EFBC}") = "RegistryPlugin.DHCPNetworkHint", "RegistryPlugin.DHCPNetworkHint\RegistryPlugin.DHCPNetworkHint.csproj", "{228B4E4B-0294-4880-84F7-AEA116257BE7}"
EndProject
Project("{FAE04EC0-301F-11D3-BF4B-00C04F79EFBC}") = "RegistryPlugin.RecentApps", "RegistryPlugin.RecentApps\RegistryPlugin.RecentApps.csproj", "{41B6AE52-CA34-457C-8842-2B0C13D5086D}"
EndProject
Project("{FAE04EC0-301F-11D3-BF4B-00C04F79EFBC}") = "RegistryPlugin.BluetoothServicesBthPort", "RegistryPlugin.BluetoothServicesBthPort\RegistryPlugin.BluetoothServicesBthPort.csproj", "{AA11DCE3-CE1E-4A70-ABBE-7A18419AFE33}"
EndProject
Project("{FAE04EC0-301F-11D3-BF4B-00C04F79EFBC}") = "RegistryPlugin.BamDam", "RegistryPlugin.Bam\RegistryPlugin.BamDam.csproj", "{B02E5B54-C98E-4A9B-BB35-36ECF0901FFD}"
EndProject
Project("{FAE04EC0-301F-11D3-BF4B-00C04F79EFBC}") = "RegistryPlugin.TaskFlowShellActivities", "RegistryPlugin.TaskFlowShellActivities\RegistryPlugin.TaskFlowShellActivities.csproj", "{D3434DE3-DED4-4F84-9EE4-4E3FCD9143C5}"
EndProject
Project("{FAE04EC0-301F-11D3-BF4B-00C04F79EFBC}") = "RegistryPlugin.AppCompatFlags", "RegistryPlugin.AppCompatFlags\RegistryPlugin.AppCompatFlags.csproj", "{4BD2306B-9EB7-4BC9-9B13-9F2D5222D457}"
EndProject
Project("{FAE04EC0-301F-11D3-BF4B-00C04F79EFBC}") = "RegistryPlugin.SyscacheObjectTable", "RegistryPlugin.SyscacheObjectTable\RegistryPlugin.SyscacheObjectTable.csproj", "{1123721F-0300-4F07-9E02-66DCECDD1FEF}"
EndProject
Project("{FAE04EC0-301F-11D3-BF4B-00C04F79EFBC}") = "RegistryPlugin.Taskband", "RegistryPlugin.Taskband\RegistryPlugin.Taskband.csproj", "{1935E640-924F-4699-AFE6-B177A9BF8970}"
EndProject
Project("{FAE04EC0-301F-11D3-BF4B-00C04F79EFBC}") = "RegistryPlugin.JumplistData", "RegistryPlugin.JumplistData\RegistryPlugin.JumplistData.csproj", "{3B8DD08C-1ADF-44B2-958F-72989B983BFA}"
EndProject
Global
	GlobalSection(SolutionConfigurationPlatforms) = preSolution
		Debug|Any CPU = Debug|Any CPU
		Release|Any CPU = Release|Any CPU
	EndGlobalSection
	GlobalSection(ProjectConfigurationPlatforms) = postSolution
		{CA2F88E7-31E4-46F5-A9AE-881B2CEBBAB2}.Debug|Any CPU.ActiveCfg = Debug|Any CPU
		{CA2F88E7-31E4-46F5-A9AE-881B2CEBBAB2}.Debug|Any CPU.Build.0 = Debug|Any CPU
		{CA2F88E7-31E4-46F5-A9AE-881B2CEBBAB2}.Release|Any CPU.ActiveCfg = Release|Any CPU
		{CA2F88E7-31E4-46F5-A9AE-881B2CEBBAB2}.Release|Any CPU.Build.0 = Release|Any CPU
		{F15A987F-C172-45C6-8135-6D8A6F673A5D}.Debug|Any CPU.ActiveCfg = Debug|Any CPU
		{F15A987F-C172-45C6-8135-6D8A6F673A5D}.Debug|Any CPU.Build.0 = Debug|Any CPU
		{F15A987F-C172-45C6-8135-6D8A6F673A5D}.Release|Any CPU.ActiveCfg = Release|Any CPU
		{F15A987F-C172-45C6-8135-6D8A6F673A5D}.Release|Any CPU.Build.0 = Release|Any CPU
		{9FDD05F7-46BC-45D5-BB91-D5C003BCEE1F}.Debug|Any CPU.ActiveCfg = Debug|Any CPU
		{9FDD05F7-46BC-45D5-BB91-D5C003BCEE1F}.Debug|Any CPU.Build.0 = Debug|Any CPU
		{9FDD05F7-46BC-45D5-BB91-D5C003BCEE1F}.Release|Any CPU.ActiveCfg = Release|Any CPU
		{9FDD05F7-46BC-45D5-BB91-D5C003BCEE1F}.Release|Any CPU.Build.0 = Release|Any CPU
		{F50E158F-965C-49B7-BA91-7ED5DCE4B77D}.Debug|Any CPU.ActiveCfg = Debug|Any CPU
		{F50E158F-965C-49B7-BA91-7ED5DCE4B77D}.Debug|Any CPU.Build.0 = Debug|Any CPU
		{F50E158F-965C-49B7-BA91-7ED5DCE4B77D}.Release|Any CPU.ActiveCfg = Release|Any CPU
		{F50E158F-965C-49B7-BA91-7ED5DCE4B77D}.Release|Any CPU.Build.0 = Release|Any CPU
		{78750675-D309-4C0C-80B9-22C6D238C38D}.Debug|Any CPU.ActiveCfg = Debug|Any CPU
		{78750675-D309-4C0C-80B9-22C6D238C38D}.Debug|Any CPU.Build.0 = Debug|Any CPU
		{78750675-D309-4C0C-80B9-22C6D238C38D}.Release|Any CPU.ActiveCfg = Release|Any CPU
		{78750675-D309-4C0C-80B9-22C6D238C38D}.Release|Any CPU.Build.0 = Release|Any CPU
		{6F7BA570-291F-4290-94AF-3A662E12D5D1}.Debug|Any CPU.ActiveCfg = Debug|Any CPU
		{6F7BA570-291F-4290-94AF-3A662E12D5D1}.Debug|Any CPU.Build.0 = Debug|Any CPU
		{6F7BA570-291F-4290-94AF-3A662E12D5D1}.Release|Any CPU.ActiveCfg = Release|Any CPU
		{6F7BA570-291F-4290-94AF-3A662E12D5D1}.Release|Any CPU.Build.0 = Release|Any CPU
		{EACB7738-27E1-4C15-B6CF-671FC18640B1}.Debug|Any CPU.ActiveCfg = Debug|Any CPU
		{EACB7738-27E1-4C15-B6CF-671FC18640B1}.Debug|Any CPU.Build.0 = Debug|Any CPU
		{EACB7738-27E1-4C15-B6CF-671FC18640B1}.Release|Any CPU.ActiveCfg = Release|Any CPU
		{EACB7738-27E1-4C15-B6CF-671FC18640B1}.Release|Any CPU.Build.0 = Release|Any CPU
		{3E08C307-AF34-400E-AB0B-99DF54E1ADBC}.Debug|Any CPU.ActiveCfg = Debug|Any CPU
		{3E08C307-AF34-400E-AB0B-99DF54E1ADBC}.Debug|Any CPU.Build.0 = Debug|Any CPU
		{3E08C307-AF34-400E-AB0B-99DF54E1ADBC}.Release|Any CPU.ActiveCfg = Release|Any CPU
		{3E08C307-AF34-400E-AB0B-99DF54E1ADBC}.Release|Any CPU.Build.0 = Release|Any CPU
		{A1BE3977-DF7B-412C-81E8-15722A4F7325}.Debug|Any CPU.ActiveCfg = Debug|Any CPU
		{A1BE3977-DF7B-412C-81E8-15722A4F7325}.Debug|Any CPU.Build.0 = Debug|Any CPU
		{A1BE3977-DF7B-412C-81E8-15722A4F7325}.Release|Any CPU.ActiveCfg = Release|Any CPU
		{A1BE3977-DF7B-412C-81E8-15722A4F7325}.Release|Any CPU.Build.0 = Release|Any CPU
		{7F63722B-3A23-4CB6-9C3D-2A57EB122B73}.Debug|Any CPU.ActiveCfg = Debug|Any CPU
		{7F63722B-3A23-4CB6-9C3D-2A57EB122B73}.Debug|Any CPU.Build.0 = Debug|Any CPU
		{7F63722B-3A23-4CB6-9C3D-2A57EB122B73}.Release|Any CPU.ActiveCfg = Release|Any CPU
		{7F63722B-3A23-4CB6-9C3D-2A57EB122B73}.Release|Any CPU.Build.0 = Release|Any CPU
		{93476148-2369-4DF2-8794-9E5C7A094B79}.Debug|Any CPU.ActiveCfg = Debug|Any CPU
		{93476148-2369-4DF2-8794-9E5C7A094B79}.Debug|Any CPU.Build.0 = Debug|Any CPU
		{93476148-2369-4DF2-8794-9E5C7A094B79}.Release|Any CPU.ActiveCfg = Release|Any CPU
		{93476148-2369-4DF2-8794-9E5C7A094B79}.Release|Any CPU.Build.0 = Release|Any CPU
		{BA3A8987-719E-4AF6-A806-871C052C8BAE}.Debug|Any CPU.ActiveCfg = Debug|Any CPU
		{BA3A8987-719E-4AF6-A806-871C052C8BAE}.Debug|Any CPU.Build.0 = Debug|Any CPU
		{BA3A8987-719E-4AF6-A806-871C052C8BAE}.Release|Any CPU.ActiveCfg = Release|Any CPU
		{BA3A8987-719E-4AF6-A806-871C052C8BAE}.Release|Any CPU.Build.0 = Release|Any CPU
		{2868BA3D-6EB5-4C9A-A94D-110F0EA19129}.Debug|Any CPU.ActiveCfg = Debug|Any CPU
		{2868BA3D-6EB5-4C9A-A94D-110F0EA19129}.Debug|Any CPU.Build.0 = Debug|Any CPU
		{2868BA3D-6EB5-4C9A-A94D-110F0EA19129}.Release|Any CPU.ActiveCfg = Release|Any CPU
		{2868BA3D-6EB5-4C9A-A94D-110F0EA19129}.Release|Any CPU.Build.0 = Release|Any CPU
		{8D2AF32B-92C5-4940-9B5A-D0B30935DD12}.Debug|Any CPU.ActiveCfg = Debug|Any CPU
		{8D2AF32B-92C5-4940-9B5A-D0B30935DD12}.Debug|Any CPU.Build.0 = Debug|Any CPU
		{8D2AF32B-92C5-4940-9B5A-D0B30935DD12}.Release|Any CPU.ActiveCfg = Release|Any CPU
		{8D2AF32B-92C5-4940-9B5A-D0B30935DD12}.Release|Any CPU.Build.0 = Release|Any CPU
		{C613D9BE-F24E-48CB-BFBA-03906B326AE4}.Debug|Any CPU.ActiveCfg = Debug|Any CPU
		{C613D9BE-F24E-48CB-BFBA-03906B326AE4}.Debug|Any CPU.Build.0 = Debug|Any CPU
		{C613D9BE-F24E-48CB-BFBA-03906B326AE4}.Release|Any CPU.ActiveCfg = Release|Any CPU
		{C613D9BE-F24E-48CB-BFBA-03906B326AE4}.Release|Any CPU.Build.0 = Release|Any CPU
		{FA88D426-FA86-43B4-A58E-0772175AFAF0}.Debug|Any CPU.ActiveCfg = Debug|Any CPU
		{FA88D426-FA86-43B4-A58E-0772175AFAF0}.Debug|Any CPU.Build.0 = Debug|Any CPU
		{FA88D426-FA86-43B4-A58E-0772175AFAF0}.Release|Any CPU.ActiveCfg = Release|Any CPU
		{FA88D426-FA86-43B4-A58E-0772175AFAF0}.Release|Any CPU.Build.0 = Release|Any CPU
		{5116292F-2EAC-405F-B0CF-77D11DF3CDF8}.Debug|Any CPU.ActiveCfg = Debug|Any CPU
		{5116292F-2EAC-405F-B0CF-77D11DF3CDF8}.Debug|Any CPU.Build.0 = Debug|Any CPU
		{5116292F-2EAC-405F-B0CF-77D11DF3CDF8}.Release|Any CPU.ActiveCfg = Release|Any CPU
		{5116292F-2EAC-405F-B0CF-77D11DF3CDF8}.Release|Any CPU.Build.0 = Release|Any CPU
		{9B8F5EAD-56B1-495B-A779-B0AB85979C37}.Debug|Any CPU.ActiveCfg = Debug|Any CPU
		{9B8F5EAD-56B1-495B-A779-B0AB85979C37}.Debug|Any CPU.Build.0 = Debug|Any CPU
		{9B8F5EAD-56B1-495B-A779-B0AB85979C37}.Release|Any CPU.ActiveCfg = Release|Any CPU
		{9B8F5EAD-56B1-495B-A779-B0AB85979C37}.Release|Any CPU.Build.0 = Release|Any CPU
		{199C70C7-7004-426F-ADD2-375928B3ED74}.Debug|Any CPU.ActiveCfg = Debug|Any CPU
		{199C70C7-7004-426F-ADD2-375928B3ED74}.Debug|Any CPU.Build.0 = Debug|Any CPU
		{199C70C7-7004-426F-ADD2-375928B3ED74}.Release|Any CPU.ActiveCfg = Release|Any CPU
		{199C70C7-7004-426F-ADD2-375928B3ED74}.Release|Any CPU.Build.0 = Release|Any CPU
		{341698C8-4FCC-41CB-8936-0971C43B0BA0}.Debug|Any CPU.ActiveCfg = Debug|Any CPU
		{341698C8-4FCC-41CB-8936-0971C43B0BA0}.Debug|Any CPU.Build.0 = Debug|Any CPU
		{341698C8-4FCC-41CB-8936-0971C43B0BA0}.Release|Any CPU.ActiveCfg = Release|Any CPU
		{341698C8-4FCC-41CB-8936-0971C43B0BA0}.Release|Any CPU.Build.0 = Release|Any CPU
		{8BD60648-779C-417F-8E6F-F63F67946792}.Debug|Any CPU.ActiveCfg = Debug|Any CPU
		{8BD60648-779C-417F-8E6F-F63F67946792}.Debug|Any CPU.Build.0 = Debug|Any CPU
		{8BD60648-779C-417F-8E6F-F63F67946792}.Release|Any CPU.ActiveCfg = Release|Any CPU
		{8BD60648-779C-417F-8E6F-F63F67946792}.Release|Any CPU.Build.0 = Release|Any CPU
		{8944873C-6DC4-453E-A2D0-9DF2260D4A53}.Debug|Any CPU.ActiveCfg = Debug|Any CPU
		{8944873C-6DC4-453E-A2D0-9DF2260D4A53}.Debug|Any CPU.Build.0 = Debug|Any CPU
		{8944873C-6DC4-453E-A2D0-9DF2260D4A53}.Release|Any CPU.ActiveCfg = Release|Any CPU
		{8944873C-6DC4-453E-A2D0-9DF2260D4A53}.Release|Any CPU.Build.0 = Release|Any CPU
		{5D95BF82-C1BA-4A41-862F-AC693FE3B334}.Debug|Any CPU.ActiveCfg = Debug|Any CPU
		{5D95BF82-C1BA-4A41-862F-AC693FE3B334}.Debug|Any CPU.Build.0 = Debug|Any CPU
		{5D95BF82-C1BA-4A41-862F-AC693FE3B334}.Release|Any CPU.ActiveCfg = Release|Any CPU
		{5D95BF82-C1BA-4A41-862F-AC693FE3B334}.Release|Any CPU.Build.0 = Release|Any CPU
		{6563C75F-C571-4E76-A072-77C021055BCF}.Debug|Any CPU.ActiveCfg = Debug|Any CPU
		{6563C75F-C571-4E76-A072-77C021055BCF}.Debug|Any CPU.Build.0 = Debug|Any CPU
		{6563C75F-C571-4E76-A072-77C021055BCF}.Release|Any CPU.ActiveCfg = Release|Any CPU
		{6563C75F-C571-4E76-A072-77C021055BCF}.Release|Any CPU.Build.0 = Release|Any CPU
		{228B4E4B-0294-4880-84F7-AEA116257BE7}.Debug|Any CPU.ActiveCfg = Debug|Any CPU
		{228B4E4B-0294-4880-84F7-AEA116257BE7}.Debug|Any CPU.Build.0 = Debug|Any CPU
		{228B4E4B-0294-4880-84F7-AEA116257BE7}.Release|Any CPU.ActiveCfg = Release|Any CPU
		{228B4E4B-0294-4880-84F7-AEA116257BE7}.Release|Any CPU.Build.0 = Release|Any CPU
		{41B6AE52-CA34-457C-8842-2B0C13D5086D}.Debug|Any CPU.ActiveCfg = Debug|Any CPU
		{41B6AE52-CA34-457C-8842-2B0C13D5086D}.Debug|Any CPU.Build.0 = Debug|Any CPU
		{41B6AE52-CA34-457C-8842-2B0C13D5086D}.Release|Any CPU.ActiveCfg = Release|Any CPU
		{41B6AE52-CA34-457C-8842-2B0C13D5086D}.Release|Any CPU.Build.0 = Release|Any CPU
		{AA11DCE3-CE1E-4A70-ABBE-7A18419AFE33}.Debug|Any CPU.ActiveCfg = Debug|Any CPU
		{AA11DCE3-CE1E-4A70-ABBE-7A18419AFE33}.Debug|Any CPU.Build.0 = Debug|Any CPU
		{AA11DCE3-CE1E-4A70-ABBE-7A18419AFE33}.Release|Any CPU.ActiveCfg = Release|Any CPU
		{AA11DCE3-CE1E-4A70-ABBE-7A18419AFE33}.Release|Any CPU.Build.0 = Release|Any CPU
		{B02E5B54-C98E-4A9B-BB35-36ECF0901FFD}.Debug|Any CPU.ActiveCfg = Debug|Any CPU
		{B02E5B54-C98E-4A9B-BB35-36ECF0901FFD}.Debug|Any CPU.Build.0 = Debug|Any CPU
		{B02E5B54-C98E-4A9B-BB35-36ECF0901FFD}.Release|Any CPU.ActiveCfg = Release|Any CPU
		{B02E5B54-C98E-4A9B-BB35-36ECF0901FFD}.Release|Any CPU.Build.0 = Release|Any CPU
		{D3434DE3-DED4-4F84-9EE4-4E3FCD9143C5}.Debug|Any CPU.ActiveCfg = Debug|Any CPU
		{D3434DE3-DED4-4F84-9EE4-4E3FCD9143C5}.Debug|Any CPU.Build.0 = Debug|Any CPU
		{D3434DE3-DED4-4F84-9EE4-4E3FCD9143C5}.Release|Any CPU.ActiveCfg = Release|Any CPU
		{D3434DE3-DED4-4F84-9EE4-4E3FCD9143C5}.Release|Any CPU.Build.0 = Release|Any CPU
		{4BD2306B-9EB7-4BC9-9B13-9F2D5222D457}.Debug|Any CPU.ActiveCfg = Debug|Any CPU
		{4BD2306B-9EB7-4BC9-9B13-9F2D5222D457}.Debug|Any CPU.Build.0 = Debug|Any CPU
		{4BD2306B-9EB7-4BC9-9B13-9F2D5222D457}.Release|Any CPU.ActiveCfg = Release|Any CPU
		{4BD2306B-9EB7-4BC9-9B13-9F2D5222D457}.Release|Any CPU.Build.0 = Release|Any CPU
		{1123721F-0300-4F07-9E02-66DCECDD1FEF}.Debug|Any CPU.ActiveCfg = Debug|Any CPU
		{1123721F-0300-4F07-9E02-66DCECDD1FEF}.Debug|Any CPU.Build.0 = Debug|Any CPU
		{1123721F-0300-4F07-9E02-66DCECDD1FEF}.Release|Any CPU.ActiveCfg = Release|Any CPU
		{1123721F-0300-4F07-9E02-66DCECDD1FEF}.Release|Any CPU.Build.0 = Release|Any CPU
		{1935E640-924F-4699-AFE6-B177A9BF8970}.Debug|Any CPU.ActiveCfg = Debug|Any CPU
		{1935E640-924F-4699-AFE6-B177A9BF8970}.Debug|Any CPU.Build.0 = Debug|Any CPU
		{1935E640-924F-4699-AFE6-B177A9BF8970}.Release|Any CPU.ActiveCfg = Release|Any CPU
		{1935E640-924F-4699-AFE6-B177A9BF8970}.Release|Any CPU.Build.0 = Release|Any CPU
		{3B8DD08C-1ADF-44B2-958F-72989B983BFA}.Debug|Any CPU.ActiveCfg = Debug|Any CPU
		{3B8DD08C-1ADF-44B2-958F-72989B983BFA}.Debug|Any CPU.Build.0 = Debug|Any CPU
		{3B8DD08C-1ADF-44B2-958F-72989B983BFA}.Release|Any CPU.ActiveCfg = Release|Any CPU
		{3B8DD08C-1ADF-44B2-958F-72989B983BFA}.Release|Any CPU.Build.0 = Release|Any CPU
	EndGlobalSection
	GlobalSection(SolutionProperties) = preSolution
		HideSolutionNode = FALSE
	EndGlobalSection
	GlobalSection(ExtensibilityGlobals) = postSolution
		SolutionGuid = {1675CA11-C308-47C5-83CD-A71A29BC11EF}
	EndGlobalSection
EndGlobal
